
Microsoft Visual Studio Solution File, Format Version 12.00
# Visual Studio Version 17
VisualStudioVersion = 17.13.35931.197 d17.13
MinimumVisualStudioVersion = 10.0.40219.1
Project("{FAE04EC0-301F-11D3-BF4B-00C04F79EFBC}") = "Student Freelance Backend", "Student Freelance Backend.csproj", "{3318DCB8-33E8-4E8D-B536-8D013E2268FF}"
EndProject
Global
	GlobalSection(SolutionConfigurationPlatforms) = preSolution
		Debug|Any CPU = Debug|Any CPU
		Release|Any CPU = Release|Any CPU
	EndGlobalSection
	GlobalSection(ProjectConfigurationPlatforms) = postSolution
		{3318DCB8-33E8-4E8D-B536-8D013E2268FF}.Debug|Any CPU.ActiveCfg = Debug|Any CPU
		{3318DCB8-33E8-4E8D-B536-8D013E2268FF}.Debug|Any CPU.Build.0 = Debug|Any CPU
		{3318DCB8-33E8-4E8D-B536-8D013E2268FF}.Release|Any CPU.ActiveCfg = Release|Any CPU
		{3318DCB8-33E8-4E8D-B536-8D013E2268FF}.Release|Any CPU.Build.0 = Release|Any CPU
	EndGlobalSection
	GlobalSection(SolutionProperties) = preSolution
		HideSolutionNode = FALSE
	EndGlobalSection
	GlobalSection(ExtensibilityGlobals) = postSolution
		SolutionGuid = {C1373897-E64F-41C5-9D7F-DDB4981C1314}
	EndGlobalSection
EndGlobal
